
Microsoft Visual Studio Solution File, Format Version 12.00
# Visual Studio 15
VisualStudioVersion = 15.0.27004.2002
MinimumVisualStudioVersion = 10.0.40219.1
Project("{FAE04EC0-301F-11D3-BF4B-00C04F79EFBC}") = "01.SchoolCompetition", "01.SchoolCompetition\01.SchoolCompetition.csproj", "{0A7BEAB7-0E36-4E64-ADFA-A9A029D39153}"
EndProject
Project("{FAE04EC0-301F-11D3-BF4B-00C04F79EFBC}") = "Shop.App", "Shop.App\Shop.App.csproj", "{AD555913-1375-41C9-9882-D36AD9090776}"
EndProject
Project("{FAE04EC0-301F-11D3-BF4B-00C04F79EFBC}") = "Shop.Data", "Shop.Data\Shop.Data.csproj", "{063D641A-0D40-43D5-8585-1C4768B70253}"
EndProject
Project("{FAE04EC0-301F-11D3-BF4B-00C04F79EFBC}") = "Shop.Models", "Shop.Models\Shop.Models.csproj", "{D5F2366C-E77F-491C-A59F-7A7423208E08}"
EndProject
Global
	GlobalSection(SolutionConfigurationPlatforms) = preSolution
		Debug|Any CPU = Debug|Any CPU
		Release|Any CPU = Release|Any CPU
	EndGlobalSection
	GlobalSection(ProjectConfigurationPlatforms) = postSolution
		{0A7BEAB7-0E36-4E64-ADFA-A9A029D39153}.Debug|Any CPU.ActiveCfg = Debug|Any CPU
		{0A7BEAB7-0E36-4E64-ADFA-A9A029D39153}.Debug|Any CPU.Build.0 = Debug|Any CPU
		{0A7BEAB7-0E36-4E64-ADFA-A9A029D39153}.Release|Any CPU.ActiveCfg = Release|Any CPU
		{0A7BEAB7-0E36-4E64-ADFA-A9A029D39153}.Release|Any CPU.Build.0 = Release|Any CPU
		{AD555913-1375-41C9-9882-D36AD9090776}.Debug|Any CPU.ActiveCfg = Debug|Any CPU
		{AD555913-1375-41C9-9882-D36AD9090776}.Debug|Any CPU.Build.0 = Debug|Any CPU
		{AD555913-1375-41C9-9882-D36AD9090776}.Release|Any CPU.ActiveCfg = Release|Any CPU
		{AD555913-1375-41C9-9882-D36AD9090776}.Release|Any CPU.Build.0 = Release|Any CPU
		{063D641A-0D40-43D5-8585-1C4768B70253}.Debug|Any CPU.ActiveCfg = Debug|Any CPU
		{063D641A-0D40-43D5-8585-1C4768B70253}.Debug|Any CPU.Build.0 = Debug|Any CPU
		{063D641A-0D40-43D5-8585-1C4768B70253}.Release|Any CPU.ActiveCfg = Release|Any CPU
		{063D641A-0D40-43D5-8585-1C4768B70253}.Release|Any CPU.Build.0 = Release|Any CPU
		{D5F2366C-E77F-491C-A59F-7A7423208E08}.Debug|Any CPU.ActiveCfg = Debug|Any CPU
		{D5F2366C-E77F-491C-A59F-7A7423208E08}.Debug|Any CPU.Build.0 = Debug|Any CPU
		{D5F2366C-E77F-491C-A59F-7A7423208E08}.Release|Any CPU.ActiveCfg = Release|Any CPU
		{D5F2366C-E77F-491C-A59F-7A7423208E08}.Release|Any CPU.Build.0 = Release|Any CPU
	EndGlobalSection
	GlobalSection(SolutionProperties) = preSolution
		HideSolutionNode = FALSE
	EndGlobalSection
	GlobalSection(ExtensibilityGlobals) = postSolution
		SolutionGuid = {3C398911-A7F1-4688-8971-A4F03248B683}
	EndGlobalSection
EndGlobal
